
Microsoft Visual Studio Solution File, Format Version 12.00
# Visual Studio Version 17
VisualStudioVersion = 17.8.34316.72
MinimumVisualStudioVersion = 10.0.40219.1
Project("{2150E333-8FDC-42A3-9474-1A3956D46DE8}") = "Docs", "Docs", "{7B4A24A7-EC22-4B12-9D29-704678B8DB12}"
EndProject
Project("{2150E333-8FDC-42A3-9474-1A3956D46DE8}") = "Source", "Source", "{6BE02357-0CE5-40FF-9037-0EE7D07227DA}"
EndProject
Project("{2150E333-8FDC-42A3-9474-1A3956D46DE8}") = "Core", "Core", "{37D7E143-7B21-4124-B916-1703E3339F4C}"
EndProject
Project("{2150E333-8FDC-42A3-9474-1A3956D46DE8}") = "Test", "Test", "{12D2BE57-C01F-4CD3-B1BC-25E20EFBA7A8}"
EndProject
Project("{2150E333-8FDC-42A3-9474-1A3956D46DE8}") = "Data", "Data", "{CCE84C50-2061-4BD9-A775-6AE68B15FC6A}"
EndProject
Project("{2150E333-8FDC-42A3-9474-1A3956D46DE8}") = "Infra", "Infra", "{E0CFBD44-52F3-42A9-80AD-8CF1E2E386F9}"
EndProject
Project("{2150E333-8FDC-42A3-9474-1A3956D46DE8}") = "Presentation", "Presentation", "{72EA4BDB-5908-4D8E-8D16-94BB0E2911FE}"
EndProject
Project("{FAE04EC0-301F-11D3-BF4B-00C04F79EFBC}") = "Application", "Source\Core\Application\Application.csproj", "{63FC2279-F4A4-45B6-84BE-765E8B439338}"
EndProject
Project("{FAE04EC0-301F-11D3-BF4B-00C04F79EFBC}") = "Domain", "Source\Core\Domain\Domain.csproj", "{81C32692-6E17-45CF-87DB-6F4B22DF297F}"
EndProject
Project("{FAE04EC0-301F-11D3-BF4B-00C04F79EFBC}") = "Persistence", "Source\Data\Persistence\Persistence.csproj", "{1190E238-D548-4F68-8198-B586BE562212}"
EndProject
Project("{FAE04EC0-301F-11D3-BF4B-00C04F79EFBC}") = "PublicationProject", "Source\Presentation\PublicationProject\PublicationProject.csproj", "{ECEA52F4-E35F-43BE-9AB2-5B9822A3B2AA}"
EndProject
Global
	GlobalSection(SolutionConfigurationPlatforms) = preSolution
		Debug|Any CPU = Debug|Any CPU
		Release|Any CPU = Release|Any CPU
	EndGlobalSection
	GlobalSection(ProjectConfigurationPlatforms) = postSolution
		{63FC2279-F4A4-45B6-84BE-765E8B439338}.Debug|Any CPU.ActiveCfg = Debug|Any CPU
		{63FC2279-F4A4-45B6-84BE-765E8B439338}.Debug|Any CPU.Build.0 = Debug|Any CPU
		{63FC2279-F4A4-45B6-84BE-765E8B439338}.Release|Any CPU.ActiveCfg = Release|Any CPU
		{63FC2279-F4A4-45B6-84BE-765E8B439338}.Release|Any CPU.Build.0 = Release|Any CPU
		{81C32692-6E17-45CF-87DB-6F4B22DF297F}.Debug|Any CPU.ActiveCfg = Debug|Any CPU
		{81C32692-6E17-45CF-87DB-6F4B22DF297F}.Debug|Any CPU.Build.0 = Debug|Any CPU
		{81C32692-6E17-45CF-87DB-6F4B22DF297F}.Release|Any CPU.ActiveCfg = Release|Any CPU
		{81C32692-6E17-45CF-87DB-6F4B22DF297F}.Release|Any CPU.Build.0 = Release|Any CPU
		{1190E238-D548-4F68-8198-B586BE562212}.Debug|Any CPU.ActiveCfg = Debug|Any CPU
		{1190E238-D548-4F68-8198-B586BE562212}.Debug|Any CPU.Build.0 = Debug|Any CPU
		{1190E238-D548-4F68-8198-B586BE562212}.Release|Any CPU.ActiveCfg = Release|Any CPU
		{1190E238-D548-4F68-8198-B586BE562212}.Release|Any CPU.Build.0 = Release|Any CPU
		{ECEA52F4-E35F-43BE-9AB2-5B9822A3B2AA}.Debug|Any CPU.ActiveCfg = Debug|Any CPU
		{ECEA52F4-E35F-43BE-9AB2-5B9822A3B2AA}.Debug|Any CPU.Build.0 = Debug|Any CPU
		{ECEA52F4-E35F-43BE-9AB2-5B9822A3B2AA}.Release|Any CPU.ActiveCfg = Release|Any CPU
		{ECEA52F4-E35F-43BE-9AB2-5B9822A3B2AA}.Release|Any CPU.Build.0 = Release|Any CPU
	EndGlobalSection
	GlobalSection(SolutionProperties) = preSolution
		HideSolutionNode = FALSE
	EndGlobalSection
	GlobalSection(NestedProjects) = preSolution
		{37D7E143-7B21-4124-B916-1703E3339F4C} = {6BE02357-0CE5-40FF-9037-0EE7D07227DA}
		{CCE84C50-2061-4BD9-A775-6AE68B15FC6A} = {6BE02357-0CE5-40FF-9037-0EE7D07227DA}
		{E0CFBD44-52F3-42A9-80AD-8CF1E2E386F9} = {6BE02357-0CE5-40FF-9037-0EE7D07227DA}
		{72EA4BDB-5908-4D8E-8D16-94BB0E2911FE} = {6BE02357-0CE5-40FF-9037-0EE7D07227DA}
		{63FC2279-F4A4-45B6-84BE-765E8B439338} = {37D7E143-7B21-4124-B916-1703E3339F4C}
		{81C32692-6E17-45CF-87DB-6F4B22DF297F} = {37D7E143-7B21-4124-B916-1703E3339F4C}
		{1190E238-D548-4F68-8198-B586BE562212} = {CCE84C50-2061-4BD9-A775-6AE68B15FC6A}
		{ECEA52F4-E35F-43BE-9AB2-5B9822A3B2AA} = {72EA4BDB-5908-4D8E-8D16-94BB0E2911FE}
	EndGlobalSection
	GlobalSection(ExtensibilityGlobals) = postSolution
		SolutionGuid = {B6308AD8-0D6C-4E6E-A04E-173AC552DBFE}
	EndGlobalSection
EndGlobal
